
Microsoft Visual Studio Solution File, Format Version 12.00
# Visual Studio Version 16
VisualStudioVersion = 16.0.32929.386
MinimumVisualStudioVersion = 10.0.40219.1
Project("{9A19103F-16F7-4668-BE54-9A1E7A4F7556}") = "Business", "Business\Business.csproj", "{84738673-E829-4C9C-954F-81F049017113}"
EndProject
Project("{9A19103F-16F7-4668-BE54-9A1E7A4F7556}") = "Entities", "Entities\Entities.csproj", "{6BC15B70-8A12-42AC-9CCB-36C5AD815A42}"
EndProject
Project("{9A19103F-16F7-4668-BE54-9A1E7A4F7556}") = "DataAccess", "DataAccess\DataAccess.csproj", "{57B5280F-2358-48B2-8C1F-6201C812A5AE}"
EndProject
Project("{FAE04EC0-301F-11D3-BF4B-00C04F79EFBC}") = "ProjectUI", "ProjectUI\ProjectUI.csproj", "{5E7B3082-4D72-4FCA-99F8-03D3D10B86A2}"
EndProject
Project("{FAE04EC0-301F-11D3-BF4B-00C04F79EFBC}") = "Core", "Core\Core.csproj", "{B9453011-D16B-47F2-8FD5-15997D6A0D4A}"
EndProject
Global
	GlobalSection(SolutionConfigurationPlatforms) = preSolution
		Debug|Any CPU = Debug|Any CPU
		Release|Any CPU = Release|Any CPU
	EndGlobalSection
	GlobalSection(ProjectConfigurationPlatforms) = postSolution
		{84738673-E829-4C9C-954F-81F049017113}.Debug|Any CPU.ActiveCfg = Debug|Any CPU
		{84738673-E829-4C9C-954F-81F049017113}.Debug|Any CPU.Build.0 = Debug|Any CPU
		{84738673-E829-4C9C-954F-81F049017113}.Release|Any CPU.ActiveCfg = Release|Any CPU
		{84738673-E829-4C9C-954F-81F049017113}.Release|Any CPU.Build.0 = Release|Any CPU
		{6BC15B70-8A12-42AC-9CCB-36C5AD815A42}.Debug|Any CPU.ActiveCfg = Debug|Any CPU
		{6BC15B70-8A12-42AC-9CCB-36C5AD815A42}.Debug|Any CPU.Build.0 = Debug|Any CPU
		{6BC15B70-8A12-42AC-9CCB-36C5AD815A42}.Release|Any CPU.ActiveCfg = Release|Any CPU
		{6BC15B70-8A12-42AC-9CCB-36C5AD815A42}.Release|Any CPU.Build.0 = Release|Any CPU
		{57B5280F-2358-48B2-8C1F-6201C812A5AE}.Debug|Any CPU.ActiveCfg = Debug|Any CPU
		{57B5280F-2358-48B2-8C1F-6201C812A5AE}.Debug|Any CPU.Build.0 = Debug|Any CPU
		{57B5280F-2358-48B2-8C1F-6201C812A5AE}.Release|Any CPU.ActiveCfg = Release|Any CPU
		{57B5280F-2358-48B2-8C1F-6201C812A5AE}.Release|Any CPU.Build.0 = Release|Any CPU
		{5E7B3082-4D72-4FCA-99F8-03D3D10B86A2}.Debug|Any CPU.ActiveCfg = Debug|Any CPU
		{5E7B3082-4D72-4FCA-99F8-03D3D10B86A2}.Debug|Any CPU.Build.0 = Debug|Any CPU
		{5E7B3082-4D72-4FCA-99F8-03D3D10B86A2}.Release|Any CPU.ActiveCfg = Release|Any CPU
		{5E7B3082-4D72-4FCA-99F8-03D3D10B86A2}.Release|Any CPU.Build.0 = Release|Any CPU
		{B9453011-D16B-47F2-8FD5-15997D6A0D4A}.Debug|Any CPU.ActiveCfg = Debug|Any CPU
		{B9453011-D16B-47F2-8FD5-15997D6A0D4A}.Debug|Any CPU.Build.0 = Debug|Any CPU
		{B9453011-D16B-47F2-8FD5-15997D6A0D4A}.Release|Any CPU.ActiveCfg = Release|Any CPU
		{B9453011-D16B-47F2-8FD5-15997D6A0D4A}.Release|Any CPU.Build.0 = Release|Any CPU
	EndGlobalSection
	GlobalSection(SolutionProperties) = preSolution
		HideSolutionNode = FALSE
	EndGlobalSection
	GlobalSection(ExtensibilityGlobals) = postSolution
		SolutionGuid = {F7D52889-1F31-4CD9-8E63-337C8DFFB664}
	EndGlobalSection
EndGlobal
